
Microsoft Visual Studio Solution File, Format Version 12.00
# Visual Studio 15
VisualStudioVersion = 15.0.27703.2026
MinimumVisualStudioVersion = 10.0.40219.1
Project("{FAE04EC0-301F-11D3-BF4B-00C04F79EFBC}") = "AcidJob", "AcidJob\AcidJob.csproj", "{33E0CF20-ABA6-4750-AFA8-7DFF7A7D64E9}"
EndProject
Global
	GlobalSection(SolutionConfigurationPlatforms) = preSolution
		Debug|Any CPU = Debug|Any CPU
		Release|Any CPU = Release|Any CPU
	EndGlobalSection
	GlobalSection(ProjectConfigurationPlatforms) = postSolution
		{33E0CF20-ABA6-4750-AFA8-7DFF7A7D64E9}.Debug|Any CPU.ActiveCfg = Debug|Any CPU
		{33E0CF20-ABA6-4750-AFA8-7DFF7A7D64E9}.Debug|Any CPU.Build.0 = Debug|Any CPU
		{33E0CF20-ABA6-4750-AFA8-7DFF7A7D64E9}.Release|Any CPU.ActiveCfg = Release|Any CPU
		{33E0CF20-ABA6-4750-AFA8-7DFF7A7D64E9}.Release|Any CPU.Build.0 = Release|Any CPU
	EndGlobalSection
	GlobalSection(SolutionProperties) = preSolution
		HideSolutionNode = FALSE
	EndGlobalSection
	GlobalSection(ExtensibilityGlobals) = postSolution
		SolutionGuid = {06995913-E0DD-48C9-9846-E33C05C2A8D4}
	EndGlobalSection
EndGlobal
